
Microsoft Visual Studio Solution File, Format Version 12.00
# Visual Studio Version 18
VisualStudioVersion = 18.0.11222.15
MinimumVisualStudioVersion = 10.0.40219.1
Project("{9A19103F-16F7-4668-BE54-9A1E7A4F7556}") = "_build", "build\_build.csproj", "{F90DD49A-A54E-41DE-8461-3FC1AAABDC4D}"
EndProject
Project("{2150E333-8FDC-42A3-9474-1A3956D46DE8}") = "src", "src", "{827E0CD3-B72D-47B6-A68D-7590B98EB39B}"
EndProject
Project("{FAE04EC0-301F-11D3-BF4B-00C04F79EFBC}") = "Modulus.Core", "src\Modulus.Core\Modulus.Core.csproj", "{0D43E3C0-B750-4566-A864-B3CEBCAA55AB}"
EndProject
Project("{FAE04EC0-301F-11D3-BF4B-00C04F79EFBC}") = "Modulus.UI.Abstractions", "src\Modulus.UI.Abstractions\Modulus.UI.Abstractions.csproj", "{9419FD00-6A57-4D3D-A46C-0885BCA5D664}"
EndProject
Project("{FAE04EC0-301F-11D3-BF4B-00C04F79EFBC}") = "Modulus.Sdk", "src\Modulus.Sdk\Modulus.Sdk.csproj", "{446AE70C-6902-4636-BC4C-CFE24B35150F}"
EndProject
Project("{2150E333-8FDC-42A3-9474-1A3956D46DE8}") = "Hosts", "Hosts", "{C79C3622-AC92-5B3C-4F71-0BD0E7B3816F}"
EndProject
Project("{FAE04EC0-301F-11D3-BF4B-00C04F79EFBC}") = "Modulus.Host.Avalonia", "src\Hosts\Modulus.Host.Avalonia\Modulus.Host.Avalonia.csproj", "{64453C43-2E82-40D1-9F0E-C4D845BD74FB}"
EndProject
Project("{2150E333-8FDC-42A3-9474-1A3956D46DE8}") = "Modules", "Modules", "{EC447DCF-ABFA-6E24-52A5-D7FD48A5C558}"
EndProject
Project("{2150E333-8FDC-42A3-9474-1A3956D46DE8}") = "Shared", "Shared", "{C8E42992-5E42-0C2B-DBFE-AA848D06431C}"
EndProject
Project("{FAE04EC0-301F-11D3-BF4B-00C04F79EFBC}") = "Modulus.Shared.Infrastructure", "src\Shared\Modulus.Shared.Infrastructure\Modulus.Shared.Infrastructure.csproj", "{353C8BD8-1F34-4082-B839-EEF1C7D054DD}"
EndProject
Project("{2150E333-8FDC-42A3-9474-1A3956D46DE8}") = "tests", "tests", "{0AB3BF05-4346-4AA6-1389-037BE0695223}"
EndProject
Project("{FAE04EC0-301F-11D3-BF4B-00C04F79EFBC}") = "Modulus.Core.Tests", "tests\Modulus.Core.Tests\Modulus.Core.Tests.csproj", "{928EFE91-6288-4CEA-ACB1-F015359358E2}"
EndProject
Project("{FAE04EC0-301F-11D3-BF4B-00C04F79EFBC}") = "Modulus.Hosts.Tests", "tests\Modulus.Hosts.Tests\Modulus.Hosts.Tests.csproj", "{0FCFD2C6-B2F9-4349-8627-0808819F0260}"
EndProject
Project("{FAE04EC0-301F-11D3-BF4B-00C04F79EFBC}") = "Modulus.Modules.Tests", "tests\Modulus.Modules.Tests\Modulus.Modules.Tests.csproj", "{48A89833-C7C7-4FDE-A3FF-07801915ABF8}"
EndProject
Project("{FAE04EC0-301F-11D3-BF4B-00C04F79EFBC}") = "Modulus.Sdk.Tests", "tests\Modulus.Sdk.Tests\Modulus.Sdk.Tests.csproj", "{63C94C53-A8D4-4A36-8C8E-95A10EF5B77B}"
EndProject
Project("{2150E333-8FDC-42A3-9474-1A3956D46DE8}") = "SimpleNotes", "SimpleNotes", "{D35CB52C-70C2-8411-EB5E-81CA20665096}"
EndProject
Project("{FAE04EC0-301F-11D3-BF4B-00C04F79EFBC}") = "SimpleNotes.Core", "src\Modules\SimpleNotes\SimpleNotes.Core\SimpleNotes.Core.csproj", "{C2512F1E-A4A0-4AA8-9F5A-C45DD9153100}"
EndProject
Project("{FAE04EC0-301F-11D3-BF4B-00C04F79EFBC}") = "SimpleNotes.UI.Blazor", "src\Modules\SimpleNotes\SimpleNotes.UI.Blazor\SimpleNotes.UI.Blazor.csproj", "{0CAAB08B-9E9B-4F3F-A080-CD366B077FC6}"
EndProject
Project("{FAE04EC0-301F-11D3-BF4B-00C04F79EFBC}") = "SimpleNotes.UI.Avalonia", "src\Modules\SimpleNotes\SimpleNotes.UI.Avalonia\SimpleNotes.UI.Avalonia.csproj", "{A74FB916-A8A0-4DCB-945E-A6662CE3B24F}"
EndProject
Project("{FAE04EC0-301F-11D3-BF4B-00C04F79EFBC}") = "Modulus.Host.Blazor", "src\Hosts\Modulus.Host.Blazor\Modulus.Host.Blazor.csproj", "{2A8DCD08-7A86-48C9-814B-E00192CF306F}"
EndProject
Project("{2150E333-8FDC-42A3-9474-1A3956D46DE8}") = "EchoPlugin", "EchoPlugin", "{798D9099-2F88-A85F-E445-31B823742155}"
EndProject
Project("{FAE04EC0-301F-11D3-BF4B-00C04F79EFBC}") = "EchoPlugin.Core", "src\Modules\EchoPlugin\EchoPlugin.Core\EchoPlugin.Core.csproj", "{4F39C487-8869-435A-A7DE-012324994C4A}"
EndProject
Project("{FAE04EC0-301F-11D3-BF4B-00C04F79EFBC}") = "EchoPlugin.UI.Blazor", "src\Modules\EchoPlugin\EchoPlugin.UI.Blazor\EchoPlugin.UI.Blazor.csproj", "{23FB0EB4-8351-4994-A803-09660D60C97B}"
EndProject
Project("{FAE04EC0-301F-11D3-BF4B-00C04F79EFBC}") = "EchoPlugin.UI.Avalonia", "src\Modules\EchoPlugin\EchoPlugin.UI.Avalonia\EchoPlugin.UI.Avalonia.csproj", "{6C161F5D-1597-4CAC-8F8B-C7AB004F23F4}"
EndProject
Project("{2150E333-8FDC-42A3-9474-1A3956D46DE8}") = "ComponentsDemo", "ComponentsDemo", "{5A9AF323-85EC-F904-FF24-D612029913FD}"
EndProject
Project("{FAE04EC0-301F-11D3-BF4B-00C04F79EFBC}") = "ComponentsDemo.Core", "src\Modules\ComponentsDemo\ComponentsDemo.Core\ComponentsDemo.Core.csproj", "{DB41F38E-6D3E-4824-AB7C-C66EBBC2943B}"
EndProject
Project("{FAE04EC0-301F-11D3-BF4B-00C04F79EFBC}") = "ComponentsDemo.UI.Avalonia", "src\Modules\ComponentsDemo\ComponentsDemo.UI.Avalonia\ComponentsDemo.UI.Avalonia.csproj", "{25B4B0DC-61C6-499D-B07F-8898E473843D}"
EndProject
Project("{FAE04EC0-301F-11D3-BF4B-00C04F79EFBC}") = "ComponentsDemo.UI.Blazor", "src\Modules\ComponentsDemo\ComponentsDemo.UI.Blazor\ComponentsDemo.UI.Blazor.csproj", "{E873C594-3C8E-4228-9BBC-4B5EF236DF6A}"
EndProject
Project("{FAE04EC0-301F-11D3-BF4B-00C04F79EFBC}") = "Modulus.UI.Avalonia", "src\Modulus.UI.Avalonia\Modulus.UI.Avalonia.csproj", "{E05CB311-CACE-451C-9682-EC03547B1EE3}"
EndProject
Project("{FAE04EC0-301F-11D3-BF4B-00C04F79EFBC}") = "Modulus.UI.Blazor", "src\Modulus.UI.Blazor\Modulus.UI.Blazor.csproj", "{07C30195-C5FD-4B14-86AB-3CE59E5C9CF8}"
EndProject
Project("{FAE04EC0-301F-11D3-BF4B-00C04F79EFBC}") = "Modulus.UI.Avalonia.Tests", "tests\Modulus.UI.Avalonia.Tests\Modulus.UI.Avalonia.Tests.csproj", "{6D47D1B4-A5E3-4BD6-B857-7845F59E4076}"
EndProject
Project("{FAE04EC0-301F-11D3-BF4B-00C04F79EFBC}") = "Modulus.Infrastructure.Data", "src\Shared\Modulus.Infrastructure.Data\Modulus.Infrastructure.Data.csproj", "{27F8D10F-EB5E-4903-8FBA-07457612C088}"
EndProject
Global
	GlobalSection(SolutionConfigurationPlatforms) = preSolution
		Debug|Any CPU = Debug|Any CPU
		Debug|x64 = Debug|x64
		Debug|x86 = Debug|x86
		Release|Any CPU = Release|Any CPU
		Release|x64 = Release|x64
		Release|x86 = Release|x86
	EndGlobalSection
	GlobalSection(ProjectConfigurationPlatforms) = postSolution
		{F90DD49A-A54E-41DE-8461-3FC1AAABDC4D}.Debug|Any CPU.ActiveCfg = Debug|Any CPU
		{F90DD49A-A54E-41DE-8461-3FC1AAABDC4D}.Debug|Any CPU.Build.0 = Debug|Any CPU
		{F90DD49A-A54E-41DE-8461-3FC1AAABDC4D}.Debug|x64.ActiveCfg = Debug|Any CPU
		{F90DD49A-A54E-41DE-8461-3FC1AAABDC4D}.Debug|x64.Build.0 = Debug|Any CPU
		{F90DD49A-A54E-41DE-8461-3FC1AAABDC4D}.Debug|x86.ActiveCfg = Debug|Any CPU
		{F90DD49A-A54E-41DE-8461-3FC1AAABDC4D}.Debug|x86.Build.0 = Debug|Any CPU
		{F90DD49A-A54E-41DE-8461-3FC1AAABDC4D}.Release|Any CPU.ActiveCfg = Release|Any CPU
		{F90DD49A-A54E-41DE-8461-3FC1AAABDC4D}.Release|x64.ActiveCfg = Release|Any CPU
		{F90DD49A-A54E-41DE-8461-3FC1AAABDC4D}.Release|x64.Build.0 = Release|Any CPU
		{F90DD49A-A54E-41DE-8461-3FC1AAABDC4D}.Release|x86.ActiveCfg = Release|Any CPU
		{F90DD49A-A54E-41DE-8461-3FC1AAABDC4D}.Release|x86.Build.0 = Release|Any CPU
		{0D43E3C0-B750-4566-A864-B3CEBCAA55AB}.Debug|Any CPU.ActiveCfg = Debug|Any CPU
		{0D43E3C0-B750-4566-A864-B3CEBCAA55AB}.Debug|Any CPU.Build.0 = Debug|Any CPU
		{0D43E3C0-B750-4566-A864-B3CEBCAA55AB}.Debug|x64.ActiveCfg = Debug|Any CPU
		{0D43E3C0-B750-4566-A864-B3CEBCAA55AB}.Debug|x64.Build.0 = Debug|Any CPU
		{0D43E3C0-B750-4566-A864-B3CEBCAA55AB}.Debug|x86.ActiveCfg = Debug|Any CPU
		{0D43E3C0-B750-4566-A864-B3CEBCAA55AB}.Debug|x86.Build.0 = Debug|Any CPU
		{0D43E3C0-B750-4566-A864-B3CEBCAA55AB}.Release|Any CPU.ActiveCfg = Release|Any CPU
		{0D43E3C0-B750-4566-A864-B3CEBCAA55AB}.Release|Any CPU.Build.0 = Release|Any CPU
		{0D43E3C0-B750-4566-A864-B3CEBCAA55AB}.Release|x64.ActiveCfg = Release|Any CPU
		{0D43E3C0-B750-4566-A864-B3CEBCAA55AB}.Release|x64.Build.0 = Release|Any CPU
		{0D43E3C0-B750-4566-A864-B3CEBCAA55AB}.Release|x86.ActiveCfg = Release|Any CPU
		{0D43E3C0-B750-4566-A864-B3CEBCAA55AB}.Release|x86.Build.0 = Release|Any CPU
		{9419FD00-6A57-4D3D-A46C-0885BCA5D664}.Debug|Any CPU.ActiveCfg = Debug|Any CPU
		{9419FD00-6A57-4D3D-A46C-0885BCA5D664}.Debug|Any CPU.Build.0 = Debug|Any CPU
		{9419FD00-6A57-4D3D-A46C-0885BCA5D664}.Debug|x64.ActiveCfg = Debug|Any CPU
		{9419FD00-6A57-4D3D-A46C-0885BCA5D664}.Debug|x64.Build.0 = Debug|Any CPU
		{9419FD00-6A57-4D3D-A46C-0885BCA5D664}.Debug|x86.ActiveCfg = Debug|Any CPU
		{9419FD00-6A57-4D3D-A46C-0885BCA5D664}.Debug|x86.Build.0 = Debug|Any CPU
		{9419FD00-6A57-4D3D-A46C-0885BCA5D664}.Release|Any CPU.ActiveCfg = Release|Any CPU
		{9419FD00-6A57-4D3D-A46C-0885BCA5D664}.Release|Any CPU.Build.0 = Release|Any CPU
		{9419FD00-6A57-4D3D-A46C-0885BCA5D664}.Release|x64.ActiveCfg = Release|Any CPU
		{9419FD00-6A57-4D3D-A46C-0885BCA5D664}.Release|x64.Build.0 = Release|Any CPU
		{9419FD00-6A57-4D3D-A46C-0885BCA5D664}.Release|x86.ActiveCfg = Release|Any CPU
		{9419FD00-6A57-4D3D-A46C-0885BCA5D664}.Release|x86.Build.0 = Release|Any CPU
		{446AE70C-6902-4636-BC4C-CFE24B35150F}.Debug|Any CPU.ActiveCfg = Debug|Any CPU
		{446AE70C-6902-4636-BC4C-CFE24B35150F}.Debug|Any CPU.Build.0 = Debug|Any CPU
		{446AE70C-6902-4636-BC4C-CFE24B35150F}.Debug|x64.ActiveCfg = Debug|Any CPU
		{446AE70C-6902-4636-BC4C-CFE24B35150F}.Debug|x64.Build.0 = Debug|Any CPU
		{446AE70C-6902-4636-BC4C-CFE24B35150F}.Debug|x86.ActiveCfg = Debug|Any CPU
		{446AE70C-6902-4636-BC4C-CFE24B35150F}.Debug|x86.Build.0 = Debug|Any CPU
		{446AE70C-6902-4636-BC4C-CFE24B35150F}.Release|Any CPU.ActiveCfg = Release|Any CPU
		{446AE70C-6902-4636-BC4C-CFE24B35150F}.Release|Any CPU.Build.0 = Release|Any CPU
		{446AE70C-6902-4636-BC4C-CFE24B35150F}.Release|x64.ActiveCfg = Release|Any CPU
		{446AE70C-6902-4636-BC4C-CFE24B35150F}.Release|x64.Build.0 = Release|Any CPU
		{446AE70C-6902-4636-BC4C-CFE24B35150F}.Release|x86.ActiveCfg = Release|Any CPU
		{446AE70C-6902-4636-BC4C-CFE24B35150F}.Release|x86.Build.0 = Release|Any CPU
		{64453C43-2E82-40D1-9F0E-C4D845BD74FB}.Debug|Any CPU.ActiveCfg = Debug|Any CPU
		{64453C43-2E82-40D1-9F0E-C4D845BD74FB}.Debug|Any CPU.Build.0 = Debug|Any CPU
		{64453C43-2E82-40D1-9F0E-C4D845BD74FB}.Debug|x64.ActiveCfg = Debug|Any CPU
		{64453C43-2E82-40D1-9F0E-C4D845BD74FB}.Debug|x64.Build.0 = Debug|Any CPU
		{64453C43-2E82-40D1-9F0E-C4D845BD74FB}.Debug|x86.ActiveCfg = Debug|Any CPU
		{64453C43-2E82-40D1-9F0E-C4D845BD74FB}.Debug|x86.Build.0 = Debug|Any CPU
		{64453C43-2E82-40D1-9F0E-C4D845BD74FB}.Release|Any CPU.ActiveCfg = Release|Any CPU
		{64453C43-2E82-40D1-9F0E-C4D845BD74FB}.Release|Any CPU.Build.0 = Release|Any CPU
		{64453C43-2E82-40D1-9F0E-C4D845BD74FB}.Release|x64.ActiveCfg = Release|Any CPU
		{64453C43-2E82-40D1-9F0E-C4D845BD74FB}.Release|x64.Build.0 = Release|Any CPU
		{64453C43-2E82-40D1-9F0E-C4D845BD74FB}.Release|x86.ActiveCfg = Release|Any CPU
		{64453C43-2E82-40D1-9F0E-C4D845BD74FB}.Release|x86.Build.0 = Release|Any CPU
		{353C8BD8-1F34-4082-B839-EEF1C7D054DD}.Debug|Any CPU.ActiveCfg = Debug|Any CPU
		{353C8BD8-1F34-4082-B839-EEF1C7D054DD}.Debug|Any CPU.Build.0 = Debug|Any CPU
		{353C8BD8-1F34-4082-B839-EEF1C7D054DD}.Debug|x64.ActiveCfg = Debug|Any CPU
		{353C8BD8-1F34-4082-B839-EEF1C7D054DD}.Debug|x64.Build.0 = Debug|Any CPU
		{353C8BD8-1F34-4082-B839-EEF1C7D054DD}.Debug|x86.ActiveCfg = Debug|Any CPU
		{353C8BD8-1F34-4082-B839-EEF1C7D054DD}.Debug|x86.Build.0 = Debug|Any CPU
		{353C8BD8-1F34-4082-B839-EEF1C7D054DD}.Release|Any CPU.ActiveCfg = Release|Any CPU
		{353C8BD8-1F34-4082-B839-EEF1C7D054DD}.Release|Any CPU.Build.0 = Release|Any CPU
		{353C8BD8-1F34-4082-B839-EEF1C7D054DD}.Release|x64.ActiveCfg = Release|Any CPU
		{353C8BD8-1F34-4082-B839-EEF1C7D054DD}.Release|x64.Build.0 = Release|Any CPU
		{353C8BD8-1F34-4082-B839-EEF1C7D054DD}.Release|x86.ActiveCfg = Release|Any CPU
		{353C8BD8-1F34-4082-B839-EEF1C7D054DD}.Release|x86.Build.0 = Release|Any CPU
		{928EFE91-6288-4CEA-ACB1-F015359358E2}.Debug|Any CPU.ActiveCfg = Debug|Any CPU
		{928EFE91-6288-4CEA-ACB1-F015359358E2}.Debug|Any CPU.Build.0 = Debug|Any CPU
		{928EFE91-6288-4CEA-ACB1-F015359358E2}.Debug|x64.ActiveCfg = Debug|Any CPU
		{928EFE91-6288-4CEA-ACB1-F015359358E2}.Debug|x64.Build.0 = Debug|Any CPU
		{928EFE91-6288-4CEA-ACB1-F015359358E2}.Debug|x86.ActiveCfg = Debug|Any CPU
		{928EFE91-6288-4CEA-ACB1-F015359358E2}.Debug|x86.Build.0 = Debug|Any CPU
		{928EFE91-6288-4CEA-ACB1-F015359358E2}.Release|Any CPU.ActiveCfg = Release|Any CPU
		{928EFE91-6288-4CEA-ACB1-F015359358E2}.Release|Any CPU.Build.0 = Release|Any CPU
		{928EFE91-6288-4CEA-ACB1-F015359358E2}.Release|x64.ActiveCfg = Release|Any CPU
		{928EFE91-6288-4CEA-ACB1-F015359358E2}.Release|x64.Build.0 = Release|Any CPU
		{928EFE91-6288-4CEA-ACB1-F015359358E2}.Release|x86.ActiveCfg = Release|Any CPU
		{928EFE91-6288-4CEA-ACB1-F015359358E2}.Release|x86.Build.0 = Release|Any CPU
		{0FCFD2C6-B2F9-4349-8627-0808819F0260}.Debug|Any CPU.ActiveCfg = Debug|Any CPU
		{0FCFD2C6-B2F9-4349-8627-0808819F0260}.Debug|Any CPU.Build.0 = Debug|Any CPU
		{0FCFD2C6-B2F9-4349-8627-0808819F0260}.Debug|x64.ActiveCfg = Debug|Any CPU
		{0FCFD2C6-B2F9-4349-8627-0808819F0260}.Debug|x64.Build.0 = Debug|Any CPU
		{0FCFD2C6-B2F9-4349-8627-0808819F0260}.Debug|x86.ActiveCfg = Debug|Any CPU
		{0FCFD2C6-B2F9-4349-8627-0808819F0260}.Debug|x86.Build.0 = Debug|Any CPU
		{0FCFD2C6-B2F9-4349-8627-0808819F0260}.Release|Any CPU.ActiveCfg = Release|Any CPU
		{0FCFD2C6-B2F9-4349-8627-0808819F0260}.Release|Any CPU.Build.0 = Release|Any CPU
		{0FCFD2C6-B2F9-4349-8627-0808819F0260}.Release|x64.ActiveCfg = Release|Any CPU
		{0FCFD2C6-B2F9-4349-8627-0808819F0260}.Release|x64.Build.0 = Release|Any CPU
		{0FCFD2C6-B2F9-4349-8627-0808819F0260}.Release|x86.ActiveCfg = Release|Any CPU
		{0FCFD2C6-B2F9-4349-8627-0808819F0260}.Release|x86.Build.0 = Release|Any CPU
		{48A89833-C7C7-4FDE-A3FF-07801915ABF8}.Debug|Any CPU.ActiveCfg = Debug|Any CPU
		{48A89833-C7C7-4FDE-A3FF-07801915ABF8}.Debug|Any CPU.Build.0 = Debug|Any CPU
		{48A89833-C7C7-4FDE-A3FF-07801915ABF8}.Debug|x64.ActiveCfg = Debug|Any CPU
		{48A89833-C7C7-4FDE-A3FF-07801915ABF8}.Debug|x64.Build.0 = Debug|Any CPU
		{48A89833-C7C7-4FDE-A3FF-07801915ABF8}.Debug|x86.ActiveCfg = Debug|Any CPU
		{48A89833-C7C7-4FDE-A3FF-07801915ABF8}.Debug|x86.Build.0 = Debug|Any CPU
		{48A89833-C7C7-4FDE-A3FF-07801915ABF8}.Release|Any CPU.ActiveCfg = Release|Any CPU
		{48A89833-C7C7-4FDE-A3FF-07801915ABF8}.Release|Any CPU.Build.0 = Release|Any CPU
		{48A89833-C7C7-4FDE-A3FF-07801915ABF8}.Release|x64.ActiveCfg = Release|Any CPU
		{48A89833-C7C7-4FDE-A3FF-07801915ABF8}.Release|x64.Build.0 = Release|Any CPU
		{48A89833-C7C7-4FDE-A3FF-07801915ABF8}.Release|x86.ActiveCfg = Release|Any CPU
		{48A89833-C7C7-4FDE-A3FF-07801915ABF8}.Release|x86.Build.0 = Release|Any CPU
		{63C94C53-A8D4-4A36-8C8E-95A10EF5B77B}.Debug|Any CPU.ActiveCfg = Debug|Any CPU
		{63C94C53-A8D4-4A36-8C8E-95A10EF5B77B}.Debug|Any CPU.Build.0 = Debug|Any CPU
		{63C94C53-A8D4-4A36-8C8E-95A10EF5B77B}.Debug|x64.ActiveCfg = Debug|Any CPU
		{63C94C53-A8D4-4A36-8C8E-95A10EF5B77B}.Debug|x64.Build.0 = Debug|Any CPU
		{63C94C53-A8D4-4A36-8C8E-95A10EF5B77B}.Debug|x86.ActiveCfg = Debug|Any CPU
		{63C94C53-A8D4-4A36-8C8E-95A10EF5B77B}.Debug|x86.Build.0 = Debug|Any CPU
		{63C94C53-A8D4-4A36-8C8E-95A10EF5B77B}.Release|Any CPU.ActiveCfg = Release|Any CPU
		{63C94C53-A8D4-4A36-8C8E-95A10EF5B77B}.Release|Any CPU.Build.0 = Release|Any CPU
		{63C94C53-A8D4-4A36-8C8E-95A10EF5B77B}.Release|x64.ActiveCfg = Release|Any CPU
		{63C94C53-A8D4-4A36-8C8E-95A10EF5B77B}.Release|x64.Build.0 = Release|Any CPU
		{63C94C53-A8D4-4A36-8C8E-95A10EF5B77B}.Release|x86.ActiveCfg = Release|Any CPU
		{63C94C53-A8D4-4A36-8C8E-95A10EF5B77B}.Release|x86.Build.0 = Release|Any CPU
		{C2512F1E-A4A0-4AA8-9F5A-C45DD9153100}.Debug|Any CPU.ActiveCfg = Debug|Any CPU
		{C2512F1E-A4A0-4AA8-9F5A-C45DD9153100}.Debug|Any CPU.Build.0 = Debug|Any CPU
		{C2512F1E-A4A0-4AA8-9F5A-C45DD9153100}.Debug|x64.ActiveCfg = Debug|Any CPU
		{C2512F1E-A4A0-4AA8-9F5A-C45DD9153100}.Debug|x64.Build.0 = Debug|Any CPU
		{C2512F1E-A4A0-4AA8-9F5A-C45DD9153100}.Debug|x86.ActiveCfg = Debug|Any CPU
		{C2512F1E-A4A0-4AA8-9F5A-C45DD9153100}.Debug|x86.Build.0 = Debug|Any CPU
		{C2512F1E-A4A0-4AA8-9F5A-C45DD9153100}.Release|Any CPU.ActiveCfg = Release|Any CPU
		{C2512F1E-A4A0-4AA8-9F5A-C45DD9153100}.Release|Any CPU.Build.0 = Release|Any CPU
		{C2512F1E-A4A0-4AA8-9F5A-C45DD9153100}.Release|x64.ActiveCfg = Release|Any CPU
		{C2512F1E-A4A0-4AA8-9F5A-C45DD9153100}.Release|x64.Build.0 = Release|Any CPU
		{C2512F1E-A4A0-4AA8-9F5A-C45DD9153100}.Release|x86.ActiveCfg = Release|Any CPU
		{C2512F1E-A4A0-4AA8-9F5A-C45DD9153100}.Release|x86.Build.0 = Release|Any CPU
		{0CAAB08B-9E9B-4F3F-A080-CD366B077FC6}.Debug|Any CPU.ActiveCfg = Debug|Any CPU
		{0CAAB08B-9E9B-4F3F-A080-CD366B077FC6}.Debug|Any CPU.Build.0 = Debug|Any CPU
		{0CAAB08B-9E9B-4F3F-A080-CD366B077FC6}.Debug|x64.ActiveCfg = Debug|Any CPU
		{0CAAB08B-9E9B-4F3F-A080-CD366B077FC6}.Debug|x64.Build.0 = Debug|Any CPU
		{0CAAB08B-9E9B-4F3F-A080-CD366B077FC6}.Debug|x86.ActiveCfg = Debug|Any CPU
		{0CAAB08B-9E9B-4F3F-A080-CD366B077FC6}.Debug|x86.Build.0 = Debug|Any CPU
		{0CAAB08B-9E9B-4F3F-A080-CD366B077FC6}.Release|Any CPU.ActiveCfg = Release|Any CPU
		{0CAAB08B-9E9B-4F3F-A080-CD366B077FC6}.Release|Any CPU.Build.0 = Release|Any CPU
		{0CAAB08B-9E9B-4F3F-A080-CD366B077FC6}.Release|x64.ActiveCfg = Release|Any CPU
		{0CAAB08B-9E9B-4F3F-A080-CD366B077FC6}.Release|x64.Build.0 = Release|Any CPU
		{0CAAB08B-9E9B-4F3F-A080-CD366B077FC6}.Release|x86.ActiveCfg = Release|Any CPU
		{0CAAB08B-9E9B-4F3F-A080-CD366B077FC6}.Release|x86.Build.0 = Release|Any CPU
		{A74FB916-A8A0-4DCB-945E-A6662CE3B24F}.Debug|Any CPU.ActiveCfg = Debug|Any CPU
		{A74FB916-A8A0-4DCB-945E-A6662CE3B24F}.Debug|Any CPU.Build.0 = Debug|Any CPU
		{A74FB916-A8A0-4DCB-945E-A6662CE3B24F}.Debug|x64.ActiveCfg = Debug|Any CPU
		{A74FB916-A8A0-4DCB-945E-A6662CE3B24F}.Debug|x64.Build.0 = Debug|Any CPU
		{A74FB916-A8A0-4DCB-945E-A6662CE3B24F}.Debug|x86.ActiveCfg = Debug|Any CPU
		{A74FB916-A8A0-4DCB-945E-A6662CE3B24F}.Debug|x86.Build.0 = Debug|Any CPU
		{A74FB916-A8A0-4DCB-945E-A6662CE3B24F}.Release|Any CPU.ActiveCfg = Release|Any CPU
		{A74FB916-A8A0-4DCB-945E-A6662CE3B24F}.Release|Any CPU.Build.0 = Release|Any CPU
		{A74FB916-A8A0-4DCB-945E-A6662CE3B24F}.Release|x64.ActiveCfg = Release|Any CPU
		{A74FB916-A8A0-4DCB-945E-A6662CE3B24F}.Release|x64.Build.0 = Release|Any CPU
		{A74FB916-A8A0-4DCB-945E-A6662CE3B24F}.Release|x86.ActiveCfg = Release|Any CPU
		{A74FB916-A8A0-4DCB-945E-A6662CE3B24F}.Release|x86.Build.0 = Release|Any CPU
		{2A8DCD08-7A86-48C9-814B-E00192CF306F}.Debug|Any CPU.ActiveCfg = Debug|Any CPU
		{2A8DCD08-7A86-48C9-814B-E00192CF306F}.Debug|Any CPU.Build.0 = Debug|Any CPU
		{2A8DCD08-7A86-48C9-814B-E00192CF306F}.Debug|x64.ActiveCfg = Debug|Any CPU
		{2A8DCD08-7A86-48C9-814B-E00192CF306F}.Debug|x64.Build.0 = Debug|Any CPU
		{2A8DCD08-7A86-48C9-814B-E00192CF306F}.Debug|x86.ActiveCfg = Debug|Any CPU
		{2A8DCD08-7A86-48C9-814B-E00192CF306F}.Debug|x86.Build.0 = Debug|Any CPU
		{2A8DCD08-7A86-48C9-814B-E00192CF306F}.Release|Any CPU.ActiveCfg = Release|Any CPU
		{2A8DCD08-7A86-48C9-814B-E00192CF306F}.Release|Any CPU.Build.0 = Release|Any CPU
		{2A8DCD08-7A86-48C9-814B-E00192CF306F}.Release|x64.ActiveCfg = Release|Any CPU
		{2A8DCD08-7A86-48C9-814B-E00192CF306F}.Release|x64.Build.0 = Release|Any CPU
		{2A8DCD08-7A86-48C9-814B-E00192CF306F}.Release|x86.ActiveCfg = Release|Any CPU
		{2A8DCD08-7A86-48C9-814B-E00192CF306F}.Release|x86.Build.0 = Release|Any CPU
		{4F39C487-8869-435A-A7DE-012324994C4A}.Debug|Any CPU.ActiveCfg = Debug|Any CPU
		{4F39C487-8869-435A-A7DE-012324994C4A}.Debug|Any CPU.Build.0 = Debug|Any CPU
		{4F39C487-8869-435A-A7DE-012324994C4A}.Debug|x64.ActiveCfg = Debug|Any CPU
		{4F39C487-8869-435A-A7DE-012324994C4A}.Debug|x64.Build.0 = Debug|Any CPU
		{4F39C487-8869-435A-A7DE-012324994C4A}.Debug|x86.ActiveCfg = Debug|Any CPU
		{4F39C487-8869-435A-A7DE-012324994C4A}.Debug|x86.Build.0 = Debug|Any CPU
		{4F39C487-8869-435A-A7DE-012324994C4A}.Release|Any CPU.ActiveCfg = Release|Any CPU
		{4F39C487-8869-435A-A7DE-012324994C4A}.Release|Any CPU.Build.0 = Release|Any CPU
		{4F39C487-8869-435A-A7DE-012324994C4A}.Release|x64.ActiveCfg = Release|Any CPU
		{4F39C487-8869-435A-A7DE-012324994C4A}.Release|x64.Build.0 = Release|Any CPU
		{4F39C487-8869-435A-A7DE-012324994C4A}.Release|x86.ActiveCfg = Release|Any CPU
		{4F39C487-8869-435A-A7DE-012324994C4A}.Release|x86.Build.0 = Release|Any CPU
		{23FB0EB4-8351-4994-A803-09660D60C97B}.Debug|Any CPU.ActiveCfg = Debug|Any CPU
		{23FB0EB4-8351-4994-A803-09660D60C97B}.Debug|Any CPU.Build.0 = Debug|Any CPU
		{23FB0EB4-8351-4994-A803-09660D60C97B}.Debug|x64.ActiveCfg = Debug|Any CPU
		{23FB0EB4-8351-4994-A803-09660D60C97B}.Debug|x64.Build.0 = Debug|Any CPU
		{23FB0EB4-8351-4994-A803-09660D60C97B}.Debug|x86.ActiveCfg = Debug|Any CPU
		{23FB0EB4-8351-4994-A803-09660D60C97B}.Debug|x86.Build.0 = Debug|Any CPU
		{23FB0EB4-8351-4994-A803-09660D60C97B}.Release|Any CPU.ActiveCfg = Release|Any CPU
		{23FB0EB4-8351-4994-A803-09660D60C97B}.Release|Any CPU.Build.0 = Release|Any CPU
		{23FB0EB4-8351-4994-A803-09660D60C97B}.Release|x64.ActiveCfg = Release|Any CPU
		{23FB0EB4-8351-4994-A803-09660D60C97B}.Release|x64.Build.0 = Release|Any CPU
		{23FB0EB4-8351-4994-A803-09660D60C97B}.Release|x86.ActiveCfg = Release|Any CPU
		{23FB0EB4-8351-4994-A803-09660D60C97B}.Release|x86.Build.0 = Release|Any CPU
		{6C161F5D-1597-4CAC-8F8B-C7AB004F23F4}.Debug|Any CPU.ActiveCfg = Debug|Any CPU
		{6C161F5D-1597-4CAC-8F8B-C7AB004F23F4}.Debug|Any CPU.Build.0 = Debug|Any CPU
		{6C161F5D-1597-4CAC-8F8B-C7AB004F23F4}.Debug|x64.ActiveCfg = Debug|Any CPU
		{6C161F5D-1597-4CAC-8F8B-C7AB004F23F4}.Debug|x64.Build.0 = Debug|Any CPU
		{6C161F5D-1597-4CAC-8F8B-C7AB004F23F4}.Debug|x86.ActiveCfg = Debug|Any CPU
		{6C161F5D-1597-4CAC-8F8B-C7AB004F23F4}.Debug|x86.Build.0 = Debug|Any CPU
		{6C161F5D-1597-4CAC-8F8B-C7AB004F23F4}.Release|Any CPU.ActiveCfg = Release|Any CPU
		{6C161F5D-1597-4CAC-8F8B-C7AB004F23F4}.Release|Any CPU.Build.0 = Release|Any CPU
		{6C161F5D-1597-4CAC-8F8B-C7AB004F23F4}.Release|x64.ActiveCfg = Release|Any CPU
		{6C161F5D-1597-4CAC-8F8B-C7AB004F23F4}.Release|x64.Build.0 = Release|Any CPU
		{6C161F5D-1597-4CAC-8F8B-C7AB004F23F4}.Release|x86.ActiveCfg = Release|Any CPU
		{6C161F5D-1597-4CAC-8F8B-C7AB004F23F4}.Release|x86.Build.0 = Release|Any CPU
		{DB41F38E-6D3E-4824-AB7C-C66EBBC2943B}.Debug|Any CPU.ActiveCfg = Debug|Any CPU
		{DB41F38E-6D3E-4824-AB7C-C66EBBC2943B}.Debug|Any CPU.Build.0 = Debug|Any CPU
		{DB41F38E-6D3E-4824-AB7C-C66EBBC2943B}.Debug|x64.ActiveCfg = Debug|Any CPU
		{DB41F38E-6D3E-4824-AB7C-C66EBBC2943B}.Debug|x64.Build.0 = Debug|Any CPU
		{DB41F38E-6D3E-4824-AB7C-C66EBBC2943B}.Debug|x86.ActiveCfg = Debug|Any CPU
		{DB41F38E-6D3E-4824-AB7C-C66EBBC2943B}.Debug|x86.Build.0 = Debug|Any CPU
		{DB41F38E-6D3E-4824-AB7C-C66EBBC2943B}.Release|Any CPU.ActiveCfg = Release|Any CPU
		{DB41F38E-6D3E-4824-AB7C-C66EBBC2943B}.Release|Any CPU.Build.0 = Release|Any CPU
		{DB41F38E-6D3E-4824-AB7C-C66EBBC2943B}.Release|x64.ActiveCfg = Release|Any CPU
		{DB41F38E-6D3E-4824-AB7C-C66EBBC2943B}.Release|x64.Build.0 = Release|Any CPU
		{DB41F38E-6D3E-4824-AB7C-C66EBBC2943B}.Release|x86.ActiveCfg = Release|Any CPU
		{DB41F38E-6D3E-4824-AB7C-C66EBBC2943B}.Release|x86.Build.0 = Release|Any CPU
		{25B4B0DC-61C6-499D-B07F-8898E473843D}.Debug|Any CPU.ActiveCfg = Debug|Any CPU
		{25B4B0DC-61C6-499D-B07F-8898E473843D}.Debug|Any CPU.Build.0 = Debug|Any CPU
		{25B4B0DC-61C6-499D-B07F-8898E473843D}.Debug|x64.ActiveCfg = Debug|Any CPU
		{25B4B0DC-61C6-499D-B07F-8898E473843D}.Debug|x64.Build.0 = Debug|Any CPU
		{25B4B0DC-61C6-499D-B07F-8898E473843D}.Debug|x86.ActiveCfg = Debug|Any CPU
		{25B4B0DC-61C6-499D-B07F-8898E473843D}.Debug|x86.Build.0 = Debug|Any CPU
		{25B4B0DC-61C6-499D-B07F-8898E473843D}.Release|Any CPU.ActiveCfg = Release|Any CPU
		{25B4B0DC-61C6-499D-B07F-8898E473843D}.Release|Any CPU.Build.0 = Release|Any CPU
		{25B4B0DC-61C6-499D-B07F-8898E473843D}.Release|x64.ActiveCfg = Release|Any CPU
		{25B4B0DC-61C6-499D-B07F-8898E473843D}.Release|x64.Build.0 = Release|Any CPU
		{25B4B0DC-61C6-499D-B07F-8898E473843D}.Release|x86.ActiveCfg = Release|Any CPU
		{25B4B0DC-61C6-499D-B07F-8898E473843D}.Release|x86.Build.0 = Release|Any CPU
		{E873C594-3C8E-4228-9BBC-4B5EF236DF6A}.Debug|Any CPU.ActiveCfg = Debug|Any CPU
		{E873C594-3C8E-4228-9BBC-4B5EF236DF6A}.Debug|Any CPU.Build.0 = Debug|Any CPU
		{E873C594-3C8E-4228-9BBC-4B5EF236DF6A}.Debug|x64.ActiveCfg = Debug|Any CPU
		{E873C594-3C8E-4228-9BBC-4B5EF236DF6A}.Debug|x64.Build.0 = Debug|Any CPU
		{E873C594-3C8E-4228-9BBC-4B5EF236DF6A}.Debug|x86.ActiveCfg = Debug|Any CPU
		{E873C594-3C8E-4228-9BBC-4B5EF236DF6A}.Debug|x86.Build.0 = Debug|Any CPU
		{E873C594-3C8E-4228-9BBC-4B5EF236DF6A}.Release|Any CPU.ActiveCfg = Release|Any CPU
		{E873C594-3C8E-4228-9BBC-4B5EF236DF6A}.Release|Any CPU.Build.0 = Release|Any CPU
		{E873C594-3C8E-4228-9BBC-4B5EF236DF6A}.Release|x64.ActiveCfg = Release|Any CPU
		{E873C594-3C8E-4228-9BBC-4B5EF236DF6A}.Release|x64.Build.0 = Release|Any CPU
		{E873C594-3C8E-4228-9BBC-4B5EF236DF6A}.Release|x86.ActiveCfg = Release|Any CPU
		{E873C594-3C8E-4228-9BBC-4B5EF236DF6A}.Release|x86.Build.0 = Release|Any CPU
		{E05CB311-CACE-451C-9682-EC03547B1EE3}.Debug|Any CPU.ActiveCfg = Debug|Any CPU
		{E05CB311-CACE-451C-9682-EC03547B1EE3}.Debug|Any CPU.Build.0 = Debug|Any CPU
		{E05CB311-CACE-451C-9682-EC03547B1EE3}.Debug|x64.ActiveCfg = Debug|Any CPU
		{E05CB311-CACE-451C-9682-EC03547B1EE3}.Debug|x64.Build.0 = Debug|Any CPU
		{E05CB311-CACE-451C-9682-EC03547B1EE3}.Debug|x86.ActiveCfg = Debug|Any CPU
		{E05CB311-CACE-451C-9682-EC03547B1EE3}.Debug|x86.Build.0 = Debug|Any CPU
		{E05CB311-CACE-451C-9682-EC03547B1EE3}.Release|Any CPU.ActiveCfg = Release|Any CPU
		{E05CB311-CACE-451C-9682-EC03547B1EE3}.Release|Any CPU.Build.0 = Release|Any CPU
		{E05CB311-CACE-451C-9682-EC03547B1EE3}.Release|x64.ActiveCfg = Release|Any CPU
		{E05CB311-CACE-451C-9682-EC03547B1EE3}.Release|x64.Build.0 = Release|Any CPU
		{E05CB311-CACE-451C-9682-EC03547B1EE3}.Release|x86.ActiveCfg = Release|Any CPU
		{E05CB311-CACE-451C-9682-EC03547B1EE3}.Release|x86.Build.0 = Release|Any CPU
		{07C30195-C5FD-4B14-86AB-3CE59E5C9CF8}.Debug|Any CPU.ActiveCfg = Debug|Any CPU
		{07C30195-C5FD-4B14-86AB-3CE59E5C9CF8}.Debug|Any CPU.Build.0 = Debug|Any CPU
		{07C30195-C5FD-4B14-86AB-3CE59E5C9CF8}.Debug|x64.ActiveCfg = Debug|Any CPU
		{07C30195-C5FD-4B14-86AB-3CE59E5C9CF8}.Debug|x64.Build.0 = Debug|Any CPU
		{07C30195-C5FD-4B14-86AB-3CE59E5C9CF8}.Debug|x86.ActiveCfg = Debug|Any CPU
		{07C30195-C5FD-4B14-86AB-3CE59E5C9CF8}.Debug|x86.Build.0 = Debug|Any CPU
		{07C30195-C5FD-4B14-86AB-3CE59E5C9CF8}.Release|Any CPU.ActiveCfg = Release|Any CPU
		{07C30195-C5FD-4B14-86AB-3CE59E5C9CF8}.Release|Any CPU.Build.0 = Release|Any CPU
		{07C30195-C5FD-4B14-86AB-3CE59E5C9CF8}.Release|x64.ActiveCfg = Release|Any CPU
		{07C30195-C5FD-4B14-86AB-3CE59E5C9CF8}.Release|x64.Build.0 = Release|Any CPU
		{07C30195-C5FD-4B14-86AB-3CE59E5C9CF8}.Release|x86.ActiveCfg = Release|Any CPU
		{07C30195-C5FD-4B14-86AB-3CE59E5C9CF8}.Release|x86.Build.0 = Release|Any CPU
		{6D47D1B4-A5E3-4BD6-B857-7845F59E4076}.Debug|Any CPU.ActiveCfg = Debug|Any CPU
		{6D47D1B4-A5E3-4BD6-B857-7845F59E4076}.Debug|Any CPU.Build.0 = Debug|Any CPU
		{6D47D1B4-A5E3-4BD6-B857-7845F59E4076}.Debug|x64.ActiveCfg = Debug|Any CPU
		{6D47D1B4-A5E3-4BD6-B857-7845F59E4076}.Debug|x64.Build.0 = Debug|Any CPU
		{6D47D1B4-A5E3-4BD6-B857-7845F59E4076}.Debug|x86.ActiveCfg = Debug|Any CPU
		{6D47D1B4-A5E3-4BD6-B857-7845F59E4076}.Debug|x86.Build.0 = Debug|Any CPU
		{6D47D1B4-A5E3-4BD6-B857-7845F59E4076}.Release|Any CPU.ActiveCfg = Release|Any CPU
		{6D47D1B4-A5E3-4BD6-B857-7845F59E4076}.Release|Any CPU.Build.0 = Release|Any CPU
		{6D47D1B4-A5E3-4BD6-B857-7845F59E4076}.Release|x64.ActiveCfg = Release|Any CPU
		{6D47D1B4-A5E3-4BD6-B857-7845F59E4076}.Release|x64.Build.0 = Release|Any CPU
		{6D47D1B4-A5E3-4BD6-B857-7845F59E4076}.Release|x86.ActiveCfg = Release|Any CPU
		{6D47D1B4-A5E3-4BD6-B857-7845F59E4076}.Release|x86.Build.0 = Release|Any CPU
		{27F8D10F-EB5E-4903-8FBA-07457612C088}.Debug|Any CPU.ActiveCfg = Debug|Any CPU
		{27F8D10F-EB5E-4903-8FBA-07457612C088}.Debug|Any CPU.Build.0 = Debug|Any CPU
		{27F8D10F-EB5E-4903-8FBA-07457612C088}.Debug|x64.ActiveCfg = Debug|Any CPU
		{27F8D10F-EB5E-4903-8FBA-07457612C088}.Debug|x64.Build.0 = Debug|Any CPU
		{27F8D10F-EB5E-4903-8FBA-07457612C088}.Debug|x86.ActiveCfg = Debug|Any CPU
		{27F8D10F-EB5E-4903-8FBA-07457612C088}.Debug|x86.Build.0 = Debug|Any CPU
		{27F8D10F-EB5E-4903-8FBA-07457612C088}.Release|Any CPU.ActiveCfg = Release|Any CPU
		{27F8D10F-EB5E-4903-8FBA-07457612C088}.Release|Any CPU.Build.0 = Release|Any CPU
		{27F8D10F-EB5E-4903-8FBA-07457612C088}.Release|x64.ActiveCfg = Release|Any CPU
		{27F8D10F-EB5E-4903-8FBA-07457612C088}.Release|x64.Build.0 = Release|Any CPU
		{27F8D10F-EB5E-4903-8FBA-07457612C088}.Release|x86.ActiveCfg = Release|Any CPU
		{27F8D10F-EB5E-4903-8FBA-07457612C088}.Release|x86.Build.0 = Release|Any CPU
	EndGlobalSection
	GlobalSection(SolutionProperties) = preSolution
		HideSolutionNode = FALSE
	EndGlobalSection
	GlobalSection(NestedProjects) = preSolution
		{0D43E3C0-B750-4566-A864-B3CEBCAA55AB} = {827E0CD3-B72D-47B6-A68D-7590B98EB39B}
		{9419FD00-6A57-4D3D-A46C-0885BCA5D664} = {827E0CD3-B72D-47B6-A68D-7590B98EB39B}
		{446AE70C-6902-4636-BC4C-CFE24B35150F} = {827E0CD3-B72D-47B6-A68D-7590B98EB39B}
		{C79C3622-AC92-5B3C-4F71-0BD0E7B3816F} = {827E0CD3-B72D-47B6-A68D-7590B98EB39B}
		{64453C43-2E82-40D1-9F0E-C4D845BD74FB} = {C79C3622-AC92-5B3C-4F71-0BD0E7B3816F}
		{EC447DCF-ABFA-6E24-52A5-D7FD48A5C558} = {827E0CD3-B72D-47B6-A68D-7590B98EB39B}
		{C8E42992-5E42-0C2B-DBFE-AA848D06431C} = {827E0CD3-B72D-47B6-A68D-7590B98EB39B}
		{353C8BD8-1F34-4082-B839-EEF1C7D054DD} = {C8E42992-5E42-0C2B-DBFE-AA848D06431C}
		{928EFE91-6288-4CEA-ACB1-F015359358E2} = {0AB3BF05-4346-4AA6-1389-037BE0695223}
		{0FCFD2C6-B2F9-4349-8627-0808819F0260} = {0AB3BF05-4346-4AA6-1389-037BE0695223}
		{48A89833-C7C7-4FDE-A3FF-07801915ABF8} = {0AB3BF05-4346-4AA6-1389-037BE0695223}
		{63C94C53-A8D4-4A36-8C8E-95A10EF5B77B} = {0AB3BF05-4346-4AA6-1389-037BE0695223}
		{D35CB52C-70C2-8411-EB5E-81CA20665096} = {EC447DCF-ABFA-6E24-52A5-D7FD48A5C558}
		{C2512F1E-A4A0-4AA8-9F5A-C45DD9153100} = {D35CB52C-70C2-8411-EB5E-81CA20665096}
		{0CAAB08B-9E9B-4F3F-A080-CD366B077FC6} = {D35CB52C-70C2-8411-EB5E-81CA20665096}
		{A74FB916-A8A0-4DCB-945E-A6662CE3B24F} = {D35CB52C-70C2-8411-EB5E-81CA20665096}
		{2A8DCD08-7A86-48C9-814B-E00192CF306F} = {C79C3622-AC92-5B3C-4F71-0BD0E7B3816F}
		{798D9099-2F88-A85F-E445-31B823742155} = {EC447DCF-ABFA-6E24-52A5-D7FD48A5C558}
		{4F39C487-8869-435A-A7DE-012324994C4A} = {798D9099-2F88-A85F-E445-31B823742155}
		{23FB0EB4-8351-4994-A803-09660D60C97B} = {798D9099-2F88-A85F-E445-31B823742155}
		{6C161F5D-1597-4CAC-8F8B-C7AB004F23F4} = {798D9099-2F88-A85F-E445-31B823742155}
		{5A9AF323-85EC-F904-FF24-D612029913FD} = {EC447DCF-ABFA-6E24-52A5-D7FD48A5C558}
		{DB41F38E-6D3E-4824-AB7C-C66EBBC2943B} = {5A9AF323-85EC-F904-FF24-D612029913FD}
		{25B4B0DC-61C6-499D-B07F-8898E473843D} = {5A9AF323-85EC-F904-FF24-D612029913FD}
		{E873C594-3C8E-4228-9BBC-4B5EF236DF6A} = {5A9AF323-85EC-F904-FF24-D612029913FD}
		{E05CB311-CACE-451C-9682-EC03547B1EE3} = {827E0CD3-B72D-47B6-A68D-7590B98EB39B}
		{07C30195-C5FD-4B14-86AB-3CE59E5C9CF8} = {827E0CD3-B72D-47B6-A68D-7590B98EB39B}
		{6D47D1B4-A5E3-4BD6-B857-7845F59E4076} = {0AB3BF05-4346-4AA6-1389-037BE0695223}
		{27F8D10F-EB5E-4903-8FBA-07457612C088} = {C8E42992-5E42-0C2B-DBFE-AA848D06431C}
	EndGlobalSection
EndGlobal
