
Microsoft Visual Studio Solution File, Format Version 12.00
# Visual Studio Version 17
VisualStudioVersion = 17.0.31903.59
MinimumVisualStudioVersion = 10.0.40219.1
Project("{9A19103F-16F7-4668-BE54-9A1E7A4F7556}") = "_build", "build\_build.csproj", "{F90DD49A-A54E-41DE-8461-3FC1AAABDC4D}"
EndProject
Project("{2150E333-8FDC-42A3-9474-1A3956D46DE8}") = "src", "src", "{827E0CD3-B72D-47B6-A68D-7590B98EB39B}"
EndProject
Project("{FAE04EC0-301F-11D3-BF4B-00C04F79EFBC}") = "Modulus.PluginHost", "src\Modulus.PluginHost\Modulus.PluginHost.csproj", "{13583974-8926-4153-8A6E-B8724B767D45}"
EndProject
Project("{FAE04EC0-301F-11D3-BF4B-00C04F79EFBC}") = "Modulus.App", "src\Modulus.App\Modulus.App.csproj", "{568C5B1A-2FD2-446D-8D5B-CD4A55C31EE2}"
EndProject
Project("{FAE04EC0-301F-11D3-BF4B-00C04F79EFBC}") = "Modulus.App.Desktop", "src\Modulus.App.Desktop\Modulus.App.Desktop.csproj", "{5E969E96-57A7-B6D8-7475-5E543D716563}"
EndProject
Project("{FAE04EC0-301F-11D3-BF4B-00C04F79EFBC}") = "Modulus.PluginHost.Tests", "src\tests\Modulus.PluginHost.Tests\Modulus.PluginHost.Tests.csproj", "{C6AD3F4F-375C-DDF7-D6DF-F2132CC9F553}"
EndProject
Project("{2150E333-8FDC-42A3-9474-1A3956D46DE8}") = "tests", "tests", "{02EA681E-C7D8-13C7-8484-4AC65E1B71E8}"
EndProject
Project("{2150E333-8FDC-42A3-9474-1A3956D46DE8}") = "samples", "samples", "{D1B4CF99-7947-DD6C-81D0-5B5B3989814C}"
EndProject
Project("{FAE04EC0-301F-11D3-BF4B-00C04F79EFBC}") = "SimplePlugin", "src\samples\SimplePlugin\SimplePlugin.csproj", "{253D6931-730D-463D-A157-C5471278C785}"
EndProject
Global
	GlobalSection(SolutionConfigurationPlatforms) = preSolution
		Debug|Any CPU = Debug|Any CPU
		Debug|x64 = Debug|x64
		Debug|x86 = Debug|x86
		Release|Any CPU = Release|Any CPU
		Release|x64 = Release|x64
		Release|x86 = Release|x86
	EndGlobalSection
	GlobalSection(ProjectConfigurationPlatforms) = postSolution
		{F90DD49A-A54E-41DE-8461-3FC1AAABDC4D}.Debug|Any CPU.ActiveCfg = Debug|Any CPU
		{F90DD49A-A54E-41DE-8461-3FC1AAABDC4D}.Debug|x64.ActiveCfg = Debug|Any CPU
		{F90DD49A-A54E-41DE-8461-3FC1AAABDC4D}.Debug|x64.Build.0 = Debug|Any CPU
		{F90DD49A-A54E-41DE-8461-3FC1AAABDC4D}.Debug|x86.ActiveCfg = Debug|Any CPU
		{F90DD49A-A54E-41DE-8461-3FC1AAABDC4D}.Debug|x86.Build.0 = Debug|Any CPU
		{F90DD49A-A54E-41DE-8461-3FC1AAABDC4D}.Release|Any CPU.ActiveCfg = Release|Any CPU
		{F90DD49A-A54E-41DE-8461-3FC1AAABDC4D}.Release|x64.ActiveCfg = Release|Any CPU
		{F90DD49A-A54E-41DE-8461-3FC1AAABDC4D}.Release|x64.Build.0 = Release|Any CPU
		{F90DD49A-A54E-41DE-8461-3FC1AAABDC4D}.Release|x86.ActiveCfg = Release|Any CPU
		{F90DD49A-A54E-41DE-8461-3FC1AAABDC4D}.Release|x86.Build.0 = Release|Any CPU
		{13583974-8926-4153-8A6E-B8724B767D45}.Debug|Any CPU.ActiveCfg = Debug|Any CPU
		{13583974-8926-4153-8A6E-B8724B767D45}.Debug|Any CPU.Build.0 = Debug|Any CPU
		{13583974-8926-4153-8A6E-B8724B767D45}.Debug|x64.ActiveCfg = Debug|Any CPU
		{13583974-8926-4153-8A6E-B8724B767D45}.Debug|x64.Build.0 = Debug|Any CPU
		{13583974-8926-4153-8A6E-B8724B767D45}.Debug|x86.ActiveCfg = Debug|Any CPU
		{13583974-8926-4153-8A6E-B8724B767D45}.Debug|x86.Build.0 = Debug|Any CPU
		{13583974-8926-4153-8A6E-B8724B767D45}.Release|Any CPU.ActiveCfg = Release|Any CPU
		{13583974-8926-4153-8A6E-B8724B767D45}.Release|Any CPU.Build.0 = Release|Any CPU
		{13583974-8926-4153-8A6E-B8724B767D45}.Release|x64.ActiveCfg = Release|Any CPU
		{13583974-8926-4153-8A6E-B8724B767D45}.Release|x64.Build.0 = Release|Any CPU
		{13583974-8926-4153-8A6E-B8724B767D45}.Release|x86.ActiveCfg = Release|Any CPU
		{13583974-8926-4153-8A6E-B8724B767D45}.Release|x86.Build.0 = Release|Any CPU
		{568C5B1A-2FD2-446D-8D5B-CD4A55C31EE2}.Debug|Any CPU.ActiveCfg = Debug|Any CPU
		{568C5B1A-2FD2-446D-8D5B-CD4A55C31EE2}.Debug|Any CPU.Build.0 = Debug|Any CPU
		{568C5B1A-2FD2-446D-8D5B-CD4A55C31EE2}.Debug|x64.ActiveCfg = Debug|Any CPU
		{568C5B1A-2FD2-446D-8D5B-CD4A55C31EE2}.Debug|x64.Build.0 = Debug|Any CPU
		{568C5B1A-2FD2-446D-8D5B-CD4A55C31EE2}.Debug|x86.ActiveCfg = Debug|Any CPU
		{568C5B1A-2FD2-446D-8D5B-CD4A55C31EE2}.Debug|x86.Build.0 = Debug|Any CPU
		{568C5B1A-2FD2-446D-8D5B-CD4A55C31EE2}.Release|Any CPU.ActiveCfg = Release|Any CPU
		{568C5B1A-2FD2-446D-8D5B-CD4A55C31EE2}.Release|Any CPU.Build.0 = Release|Any CPU
		{568C5B1A-2FD2-446D-8D5B-CD4A55C31EE2}.Release|x64.ActiveCfg = Release|Any CPU
		{568C5B1A-2FD2-446D-8D5B-CD4A55C31EE2}.Release|x64.Build.0 = Release|Any CPU
		{568C5B1A-2FD2-446D-8D5B-CD4A55C31EE2}.Release|x86.ActiveCfg = Release|Any CPU
		{568C5B1A-2FD2-446D-8D5B-CD4A55C31EE2}.Release|x86.Build.0 = Release|Any CPU
		{5E969E96-57A7-B6D8-7475-5E543D716563}.Debug|Any CPU.ActiveCfg = Debug|Any CPU
		{5E969E96-57A7-B6D8-7475-5E543D716563}.Debug|Any CPU.Build.0 = Debug|Any CPU
		{5E969E96-57A7-B6D8-7475-5E543D716563}.Debug|x64.ActiveCfg = Debug|Any CPU
		{5E969E96-57A7-B6D8-7475-5E543D716563}.Debug|x64.Build.0 = Debug|Any CPU
		{5E969E96-57A7-B6D8-7475-5E543D716563}.Debug|x86.ActiveCfg = Debug|Any CPU
		{5E969E96-57A7-B6D8-7475-5E543D716563}.Debug|x86.Build.0 = Debug|Any CPU
		{5E969E96-57A7-B6D8-7475-5E543D716563}.Release|Any CPU.ActiveCfg = Release|Any CPU
		{5E969E96-57A7-B6D8-7475-5E543D716563}.Release|Any CPU.Build.0 = Release|Any CPU
		{5E969E96-57A7-B6D8-7475-5E543D716563}.Release|x64.ActiveCfg = Release|Any CPU
		{5E969E96-57A7-B6D8-7475-5E543D716563}.Release|x64.Build.0 = Release|Any CPU
		{5E969E96-57A7-B6D8-7475-5E543D716563}.Release|x86.ActiveCfg = Release|Any CPU
		{5E969E96-57A7-B6D8-7475-5E543D716563}.Release|x86.Build.0 = Release|Any CPU
		{C6AD3F4F-375C-DDF7-D6DF-F2132CC9F553}.Debug|Any CPU.ActiveCfg = Debug|Any CPU
		{C6AD3F4F-375C-DDF7-D6DF-F2132CC9F553}.Debug|Any CPU.Build.0 = Debug|Any CPU
		{C6AD3F4F-375C-DDF7-D6DF-F2132CC9F553}.Debug|x64.ActiveCfg = Debug|Any CPU
		{C6AD3F4F-375C-DDF7-D6DF-F2132CC9F553}.Debug|x64.Build.0 = Debug|Any CPU
		{C6AD3F4F-375C-DDF7-D6DF-F2132CC9F553}.Debug|x86.ActiveCfg = Debug|Any CPU
		{C6AD3F4F-375C-DDF7-D6DF-F2132CC9F553}.Debug|x86.Build.0 = Debug|Any CPU
		{C6AD3F4F-375C-DDF7-D6DF-F2132CC9F553}.Release|Any CPU.ActiveCfg = Release|Any CPU
		{C6AD3F4F-375C-DDF7-D6DF-F2132CC9F553}.Release|Any CPU.Build.0 = Release|Any CPU
		{C6AD3F4F-375C-DDF7-D6DF-F2132CC9F553}.Release|x64.ActiveCfg = Release|Any CPU
		{C6AD3F4F-375C-DDF7-D6DF-F2132CC9F553}.Release|x64.Build.0 = Release|Any CPU
		{C6AD3F4F-375C-DDF7-D6DF-F2132CC9F553}.Release|x86.ActiveCfg = Release|Any CPU
		{C6AD3F4F-375C-DDF7-D6DF-F2132CC9F553}.Release|x86.Build.0 = Release|Any CPU
		{253D6931-730D-463D-A157-C5471278C785}.Debug|Any CPU.ActiveCfg = Debug|Any CPU
		{253D6931-730D-463D-A157-C5471278C785}.Debug|Any CPU.Build.0 = Debug|Any CPU
		{253D6931-730D-463D-A157-C5471278C785}.Debug|x64.ActiveCfg = Debug|Any CPU
		{253D6931-730D-463D-A157-C5471278C785}.Debug|x64.Build.0 = Debug|Any CPU
		{253D6931-730D-463D-A157-C5471278C785}.Debug|x86.ActiveCfg = Debug|Any CPU
		{253D6931-730D-463D-A157-C5471278C785}.Debug|x86.Build.0 = Debug|Any CPU
		{253D6931-730D-463D-A157-C5471278C785}.Release|Any CPU.ActiveCfg = Release|Any CPU
		{253D6931-730D-463D-A157-C5471278C785}.Release|Any CPU.Build.0 = Release|Any CPU
		{253D6931-730D-463D-A157-C5471278C785}.Release|x64.ActiveCfg = Release|Any CPU
		{253D6931-730D-463D-A157-C5471278C785}.Release|x64.Build.0 = Release|Any CPU
		{253D6931-730D-463D-A157-C5471278C785}.Release|x86.ActiveCfg = Release|Any CPU
		{253D6931-730D-463D-A157-C5471278C785}.Release|x86.Build.0 = Release|Any CPU
	EndGlobalSection
	GlobalSection(SolutionProperties) = preSolution
		HideSolutionNode = FALSE
	EndGlobalSection
	GlobalSection(NestedProjects) = preSolution
		{13583974-8926-4153-8A6E-B8724B767D45} = {827E0CD3-B72D-47B6-A68D-7590B98EB39B}
		{568C5B1A-2FD2-446D-8D5B-CD4A55C31EE2} = {827E0CD3-B72D-47B6-A68D-7590B98EB39B}
		{5E969E96-57A7-B6D8-7475-5E543D716563} = {827E0CD3-B72D-47B6-A68D-7590B98EB39B}
		{C6AD3F4F-375C-DDF7-D6DF-F2132CC9F553} = {02EA681E-C7D8-13C7-8484-4AC65E1B71E8}
		{02EA681E-C7D8-13C7-8484-4AC65E1B71E8} = {827E0CD3-B72D-47B6-A68D-7590B98EB39B}
		{D1B4CF99-7947-DD6C-81D0-5B5B3989814C} = {827E0CD3-B72D-47B6-A68D-7590B98EB39B}
		{253D6931-730D-463D-A157-C5471278C785} = {D1B4CF99-7947-DD6C-81D0-5B5B3989814C}
	EndGlobalSection
EndGlobal
